fortio.org/assert v1.1.2 h1:t6WGDqPD5VFrUvx30U0+3mgXXcoPonrdKqt0vfJHn8E=
fortio.org/fortio v1.38.4-cli1 h1:qGGkqmh1soBVCKG+LZc4l3F3BE4oHVow6AUslunmzGU=
fortio.org/fortio v1.38.4-cli1/go.mod h1:4DhI17BkI3sU0DR4Z2HwochdpphTae+8NgZwWy6epRk=
golang.org/x/exp v0.0.0-20221111204811-129d8d6c17ab h1:1S7USr8/C0Sgk4egxq4zZ07zYt2Xh1IiFp8hUMXH/us=
golang.org/x/exp v0.0.0-20221111204811-129d8d6c17ab/go.mod h1:CxIveKay+FTh1D0yPZemJVgC/95VzuuOLq5Qi4xnoYc=
