fortio.org/assert v1.1.4 h1:Za1RaG+OjsTMpQS3J3UCvTF6wc4+IOHCz+jAOU37Y4o=
fortio.org/cli v1.1.0 h1:ATIxi7DgA7WAexUCF8p5a0qlGYk48ZgkwSEDrvwXeN4=
fortio.org/cli v1.1.0/go.mod h1:O3nVImKwJSvHKbMYWkqMbEagAXCS1xvSv1YbHwkKJjY=
fortio.org/log v1.3.0 h1:bESPvuQGKejw7rrx41Sg3GoF+tsrB7oC08PxBs5/AM0=
fortio.org/log v1.3.0/go.mod h1:u/8/2lyczXq52aT5Nw6reD+3cR6m/EbS2jBiIYhgiTU=
fortio.org/sets v1.0.3 h1:HzewdGjH69YmyW06yzplL35lGr+X4OcqQt0qS6jbaO4=
fortio.org/sets v1.0.3/go.mod h1:QZVj0r6KP/ZD9ebySW9SgxVNy/NjghUfyHW9NN+WU+4=
fortio.org/testscript v0.2.0 h1:LP4dGqywWpljrQ5pWU+yBc+WxQguAPnlZtGyF3/dmUA=
fortio.org/testscript v0.2.0/go.mod h1:cdyotrPNZA7MMllwjkucG2ueqoFoWj4hYj0NNA1Kx7o=
fortio.org/version v1.0.2 h1:8NwxdX58aoeKx7T5xAPO0xlUu1Hpk42nRz5s6e6eKZ0=
fortio.org/version v1.0.2/go.mod h1:2JQp9Ax+tm6QKiGuzR5nJY63kFeANcgrZ0osoQFDVm0=
golang.org/x/exp v0.0.0-20230321023759-10a507213a29 h1:ooxPy7fPvB4kwsA2h+iBNHkAbp/4JxTSwCmvdjEYmug=
golang.org/x/exp v0.0.0-20230321023759-10a507213a29/go.mod h1:CxIveKay+FTh1D0yPZemJVgC/95VzuuOLq5Qi4xnoYc=
golang.org/x/tools v0.7.0 h1:W4OVu8VVOaIO0yzWMNdepAulS7YfoS3Zabrm8DOXXU4=
golang.org/x/tools v0.7.0/go.mod h1:4pg6aUX35JBAogB10C9AtvVL+qowtN4pT3CGSQex14s=
